{
  "name": "airplay",
  "version": "0.0.3",
  "lockfileVersion": 3,
  "requires": true,
  "packages": {
    "": {
      "name": "airplay",
      "version": "0.0.3",
      "dependencies": {
        "mdns": "^2.7.2",
        "plist": "^3.1.0"
      },
      "devDependencies": {
        "@types/mdns": "^0.0.34",
        "@types/node": "^20.4.2",
        "@types/plist": "^3.0.2"
      }
    },
    "node_modules/@types/mdns": {
      "version": "0.0.34",
      "resolved": "https://registry.npmjs.org/@types/mdns/-/mdns-0.0.34.tgz",
      "integrity": "sha512-4Rrt/0wRAudtOnmhfDdoFhy5r20yHe0KiDK+/+I9RBBMW67F4S6y8tJH06AzrUDZzS/SH/U2pw1W0lrgQ+OlPg==",
      "dev": true,
      "dependencies": {
        "@types/node": "*"
      }
    },
    "node_modules/@types/node": {
      "version": "20.4.2",
      "resolved": "https://registry.npmjs.org/@types/node/-/node-20.4.2.tgz",
      "integrity": "sha512-Dd0BYtWgnWJKwO1jkmTrzofjK2QXXcai0dmtzvIBhcA+RsG5h8R3xlyta0kGOZRNfL9GuRtb1knmPEhQrePCEw==",
      "dev": true
    },
    "node_modules/@types/plist": {
      "version": "3.0.2",
      "resolved": "https://registry.npmjs.org/@types/plist/-/plist-3.0.2.tgz",
      "integrity": "sha512-ULqvZNGMv0zRFvqn8/4LSPtnmN4MfhlPNtJCTpKuIIxGVGZ2rYWzFXrvEBoh9CVyqSE7D6YFRJ1hydLHI6kbWw==",
      "dev": true,
      "dependencies": {
        "@types/node": "*",
        "xmlbuilder": ">=11.0.1"
      }
    },
    "node_modules/@xmldom/xmldom": {
      "version": "0.8.9",
      "resolved": "https://registry.npmjs.org/@xmldom/xmldom/-/xmldom-0.8.9.tgz",
      "integrity": "sha512-4VSbbcMoxc4KLjb1gs96SRmi7w4h1SF+fCoiK0XaQX62buCc1G5d0DC5bJ9xJBNPDSVCmIrcl8BiYxzjrqaaJA==",
      "engines": {
        "node": ">=10.0.0"
      }
    },
    "node_modules/base64-js": {
      "version": "1.5.1",
      "resolved": "https://registry.npmjs.org/base64-js/-/base64-js-1.5.1.tgz",
      "integrity": "sha512-AKpaYlHn8t4SVbOHCy+b5+KKgvR4vrsD8vbvrbiQJps7fKDTkjkDry6ji0rUJjC0kzbNePLwzxq8iypo41qeWA==",
      "funding": [
        {
          "type": "github",
          "url": "https://github.com/sponsors/feross"
        },
        {
          "type": "patreon",
          "url": "https://www.patreon.com/feross"
        },
        {
          "type": "consulting",
          "url": "https://feross.org/support"
        }
      ]
    },
    "node_modules/bindings": {
      "version": "1.2.1",
      "resolved": "https://registry.npmjs.org/bindings/-/bindings-1.2.1.tgz",
      "integrity": "sha512-u4cBQNepWxYA55FunZSM7wMi55yQaN0otnhhilNoWHq0MfOfJeQx0v0mRRpolGOExPjZcl6FtB0BB8Xkb88F0g=="
    },
    "node_modules/mdns": {
      "version": "2.7.2",
      "resolved": "https://registry.npmjs.org/mdns/-/mdns-2.7.2.tgz",
      "integrity": "sha512-NBOQT22DKvuNWVY7nKNbs6w9eGRyPwnc4ZjKOsCG2G/4wNt1+IyiHvc+5yhcAUZLG46cOY321YW7Ufz3lMtrhw==",
      "hasInstallScript": true,
      "dependencies": {
        "bindings": "~1.2.1",
        "nan": "^2.14.0"
      }
    },
    "node_modules/nan": {
      "version": "2.17.0",
      "resolved": "https://registry.npmjs.org/nan/-/nan-2.17.0.tgz",
      "integrity": "sha512-2ZTgtl0nJsO0KQCjEpxcIr5D+Yv90plTitZt9JBfQvVJDS5seMl3FOvsh3+9CoYWXf/1l5OaZzzF6nDm4cagaQ=="
    },
    "node_modules/plist": {
      "version": "3.1.0",
      "resolved": "https://registry.npmjs.org/plist/-/plist-3.1.0.tgz",
      "integrity": "sha512-uysumyrvkUX0rX/dEVqt8gC3sTBzd4zoWfLeS29nb53imdaXVvLINYXTI2GNqzaMuvacNx4uJQ8+b3zXR0pkgQ==",
      "dependencies": {
        "@xmldom/xmldom": "^0.8.8",
        "base64-js": "^1.5.1",
        "xmlbuilder": "^15.1.1"
      },
      "engines": {
        "node": ">=10.4.0"
      }
    },
    "node_modules/xmlbuilder": {
      "version": "15.1.1",
      "resolved": "https://registry.npmjs.org/xmlbuilder/-/xmlbuilder-15.1.1.tgz",
      "integrity": "sha512-yMqGBqtXyeN1e3TGYvgNgDVZ3j84W4cwkOXQswghol6APgZWaff9lnbvN7MHYJOiXsvGPXtjTYJEiC9J2wv9Eg==",
      "engines": {
        "node": ">=8.0"
      }
    }
  }
}
